// !$*UTF8*$!
{
	archiveVersion = 1;
	classes = {
	};
	objectVersion = 50;
	objects = {

/* Begin PBXBuildFile section */
		E179B2612574A0290049418F /* AppDelegate.swift in Sources */ = {isa = PBXBuildFile; fileRef = E179B2602574A0290049418F /* AppDelegate.swift */; };
		E179B2632574A0290049418F /* SceneDelegate.swift in Sources */ = {isa = PBXBuildFile; fileRef = E179B2622574A0290049418F /* SceneDelegate.swift */; };
		E179B2652574A0290049418F /* LogginViewController.swift in Sources */ = {isa = PBXBuildFile; fileRef = E179B2642574A0290049418F /* LogginViewController.swift */; };
		E179B26A2574A02A0049418F /* Assets.xcassets in Resources */ = {isa = PBXBuildFile; fileRef = E179B2692574A02A0049418F /* Assets.xcassets */; };
		E179B26D2574A02A0049418F /* LaunchScreen.storyboard in Resources */ = {isa = PBXBuildFile; fileRef = E179B26B2574A02A0049418F /* LaunchScreen.storyboard */; };
		E179B27B257572500049418F /* OnboardingCollectionViewCell.swift in Sources */ = {isa = PBXBuildFile; fileRef = E179B27A257572500049418F /* OnboardingCollectionViewCell.swift */; };
		E179B27F2575AE8A0049418F /* Onboarding.swift in Sources */ = {isa = PBXBuildFile; fileRef = E179B27E2575AE8A0049418F /* Onboarding.swift */; };
		E179B2812576DE070049418F /* LoginCollectionViewCell.swift in Sources */ = {isa = PBXBuildFile; fileRef = E179B2802576DE070049418F /* LoginCollectionViewCell.swift */; };
		E1E3A6C9257B1EBC004101D0 /* CustomTextField+Helpers.swift in Sources */ = {isa = PBXBuildFile; fileRef = E1E3A6C8257B1EBC004101D0 /* CustomTextField+Helpers.swift */; };
		E1E3A6CB257DAC1C004101D0 /* MainNavigationContorller.swift in Sources */ = {isa = PBXBuildFile; fileRef = E1E3A6CA257DAC1C004101D0 /* MainNavigationContorller.swift */; };
		E1E3A6CE257DB347004101D0 /* HomeViewController.swift in Sources */ = {isa = PBXBuildFile; fileRef = E1E3A6CD257DB347004101D0 /* HomeViewController.swift */; };
		E1E3A6D0257FE2A6004101D0 /* UserDefaults+Helpers.swift in Sources */ = {isa = PBXBuildFile; fileRef = E1E3A6CF257FE2A6004101D0 /* UserDefaults+Helpers.swift */; };
/* End PBXBuildFile section */

/* Begin PBXFileReference section */
		E179B25D2574A0290049418F /* Audible.app */ = {isa = PBXFileReference; explicitFileType = wrapper.application; includeInIndex = 0; path = Audible.app; sourceTree = BUILT_PRODUCTS_DIR; };
		E179B2602574A0290049418F /* AppDelegate.swift */ = {isa = PBXFileReference; lastKnownFileType = sourcecode.swift; path = AppDelegate.swift; sourceTree = "<group>"; };
		E179B2622574A0290049418F /* SceneDelegate.swift */ = {isa = PBXFileReference; lastKnownFileType = sourcecode.swift; path = SceneDelegate.swift; sourceTree = "<group>"; };
		E179B2642574A0290049418F /* LogginViewController.swift */ = {isa = PBXFileReference; lastKnownFileType = sourcecode.swift; path = LogginViewController.swift; sourceTree = "<group>"; };
		E179B2692574A02A0049418F /* Assets.xcassets */ = {isa = PBXFileReference; lastKnownFileType = folder.assetcatalog; path = Assets.xcassets; sourceTree = "<group>"; };
		E179B26C2574A02A0049418F /* Base */ = {isa = PBXFileReference; lastKnownFileType = file.storyboard; name = Base; path = Base.lproj/LaunchScreen.storyboard; sourceTree = "<group>"; };
		E179B26E2574A02A0049418F /* Info.plist */ = {isa = PBXFileReference; lastKnownFileType = text.plist.xml; path = Info.plist; sourceTree = "<group>"; };
		E179B27A257572500049418F /* OnboardingCollectionViewCell.swift */ = {isa = PBXFileReference; lastKnownFileType = sourcecode.swift; name = OnboardingCollectionViewCell.swift; path = ../OnboardingCollectionViewCell.swift; sourceTree = "<group>"; };
		E179B27E2575AE8A0049418F /* Onboarding.swift */ = {isa = PBXFileReference; lastKnownFileType = sourcecode.swift; path = Onboarding.swift; sourceTree = "<group>"; };
		E179B2802576DE070049418F /* LoginCollectionViewCell.swift */ = {isa = PBXFileReference; lastKnownFileType = sourcecode.swift; path = LoginCollectionViewCell.swift; sourceTree = "<group>"; };
		E1E3A6C8257B1EBC004101D0 /* CustomTextField+Helpers.swift */ = {isa = PBXFileReference; lastKnownFileType = sourcecode.swift; path = "CustomTextField+Helpers.swift"; sourceTree = "<group>"; };
		E1E3A6CA257DAC1C004101D0 /* MainNavigationContorller.swift */ = {isa = PBXFileReference; lastKnownFileType = sourcecode.swift; path = MainNavigationContorller.swift; sourceTree = "<group>"; };
		E1E3A6CD257DB347004101D0 /* HomeViewController.swift */ = {isa = PBXFileReference; lastKnownFileType = sourcecode.swift; path = HomeViewController.swift; sourceTree = "<group>"; };
		E1E3A6CF257FE2A6004101D0 /* UserDefaults+Helpers.swift */ = {isa = PBXFileReference; lastKnownFileType = sourcecode.swift; path = "UserDefaults+Helpers.swift"; sourceTree = "<group>"; };
/* End PBXFileReference section */

/* Begin PBXFrameworksBuildPhase section */
		E179B25A2574A0290049418F /* Frameworks */ = {
			isa = PBXFrameworksBuildPhase;
			buildActionMask = 2147483647;
			files = (
			);
			runOnlyForDeploymentPostprocessing = 0;
		};
/* End PBXFrameworksBuildPhase section */

/* Begin PBXGroup section */
		E179B2542574A0290049418F = {
			isa = PBXGroup;
			children = (
				E179B25F2574A0290049418F /* Audible */,
				E179B25E2574A0290049418F /* Products */,
			);
			sourceTree = "<group>";
		};
		E179B25E2574A0290049418F /* Products */ = {
			isa = PBXGroup;
			children = (
				E179B25D2574A0290049418F /* Audible.app */,
			);
			name = Products;
			sourceTree = "<group>";
		};
		E179B25F2574A0290049418F /* Audible */ = {
			isa = PBXGroup;
			children = (
				E179B2742574A0350049418F /* Application Delegates */,
				E179B27D2575AE740049418F /* Models */,
				E179B2772574A0800049418F /* Modules */,
				E1E3A6C7257B1EA8004101D0 /* Helpers */,
				E179B2762574A06D0049418F /* Storyboards */,
				E179B2752574A0590049418F /* Resources */,
				E179B2782574A08B0049418F /* Supporting Files */,
			);
			path = Audible;
			sourceTree = "<group>";
		};
		E179B2742574A0350049418F /* Application Delegates */ = {
			isa = PBXGroup;
			children = (
				E179B2602574A0290049418F /* AppDelegate.swift */,
				E179B2622574A0290049418F /* SceneDelegate.swift */,
			);
			path = "Application Delegates";
			sourceTree = "<group>";
		};
		E179B2752574A0590049418F /* Resources */ = {
			isa = PBXGroup;
			children = (
				E179B2692574A02A0049418F /* Assets.xcassets */,
			);
			path = Resources;
			sourceTree = "<group>";
		};
		E179B2762574A06D0049418F /* Storyboards */ = {
			isa = PBXGroup;
			children = (
				E179B26B2574A02A0049418F /* LaunchScreen.storyboard */,
			);
			path = Storyboards;
			sourceTree = "<group>";
		};
		E179B2772574A0800049418F /* Modules */ = {
			isa = PBXGroup;
			children = (
				E1E3A6CA257DAC1C004101D0 /* MainNavigationContorller.swift */,
				E1E3A6CC257DB326004101D0 /* Home VIew Controller */,
				E179B279257568800049418F /* Logging View Controller */,
			);
			path = Modules;
			sourceTree = "<group>";
		};
		E179B2782574A08B0049418F /* Supporting Files */ = {
			isa = PBXGroup;
			children = (
				E179B26E2574A02A0049418F /* Info.plist */,
			);
			path = "Supporting Files";
			sourceTree = "<group>";
		};
		E179B279257568800049418F /* Logging View Controller */ = {
			isa = PBXGroup;
			children = (
				E179B2642574A0290049418F /* LogginViewController.swift */,
				E179B27C257572560049418F /* Collection View Cells */,
			);
			path = "Logging View Controller";
			sourceTree = "<group>";
		};
		E179B27C257572560049418F /* Collection View Cells */ = {
			isa = PBXGroup;
			children = (
				E179B2802576DE070049418F /* LoginCollectionViewCell.swift */,
				E179B27A257572500049418F /* OnboardingCollectionViewCell.swift */,
			);
			path = "Collection View Cells";
			sourceTree = "<group>";
		};
		E179B27D2575AE740049418F /* Models */ = {
			isa = PBXGroup;
			children = (
				E179B27E2575AE8A0049418F /* Onboarding.swift */,
			);
			path = Models;
			sourceTree = "<group>";
		};
		E1E3A6C7257B1EA8004101D0 /* Helpers */ = {
			isa = PBXGroup;
			children = (
				E1E3A6CF257FE2A6004101D0 /* UserDefaults+Helpers.swift */,
				E1E3A6C8257B1EBC004101D0 /* CustomTextField+Helpers.swift */,
			);
			path = Helpers;
			sourceTree = "<group>";
		};
		E1E3A6CC257DB326004101D0 /* Home VIew Controller */ = {
			isa = PBXGroup;
			children = (
				E1E3A6CD257DB347004101D0 /* HomeViewController.swift */,
			);
			path = "Home VIew Controller";
			sourceTree = "<group>";
		};
/* End PBXGroup section */

/* Begin PBXNativeTarget section */
		E179B25C2574A0290049418F /* Audible */ = {
			isa = PBXNativeTarget;
			buildConfigurationList = E179B2712574A02A0049418F /* Build configuration list for PBXNativeTarget "Audible" */;
			buildPhases = (
				E179B2592574A0290049418F /* Sources */,
				E179B25A2574A0290049418F /* Frameworks */,
				E179B25B2574A0290049418F /* Resources */,
			);
			buildRules = (
			);
			dependencies = (
			);
			name = Audible;
			productName = Audible;
			productReference = E179B25D2574A0290049418F /* Audible.app */;
			productType = "com.apple.product-type.application";
		};
/* End PBXNativeTarget section */

/* Begin PBXProject section */
		E179B2552574A0290049418F /* Project object */ = {
			isa = PBXProject;
			attributes = {
				LastSwiftUpdateCheck = 1170;
				LastUpgradeCheck = 1170;
				ORGANIZATIONNAME = "Dennis Vera";
				TargetAttributes = {
					E179B25C2574A0290049418F = {
						CreatedOnToolsVersion = 11.7;
					};
				};
			};
			buildConfigurationList = E179B2582574A0290049418F /* Build configuration list for PBXProject "Audible" */;
			compatibilityVersion = "Xcode 9.3";
			developmentRegion = en;
			hasScannedForEncodings = 0;
			knownRegions = (
				en,
				Base,
			);
			mainGroup = E179B2542574A0290049418F;
			productRefGroup = E179B25E2574A0290049418F /* Products */;
			projectDirPath = "";
			projectRoot = "";
			targets = (
				E179B25C2574A0290049418F /* Audible */,
			);
		};
/* End PBXProject section */

/* Begin PBXResourcesBuildPhase section */
		E179B25B2574A0290049418F /* Resources */ = {
			isa = PBXResourcesBuildPhase;
			buildActionMask = 2147483647;
			files = (
				E179B26D2574A02A0049418F /* LaunchScreen.storyboard in Resources */,
				E179B26A2574A02A0049418F /* Assets.xcassets in Resources */,
			);
			runOnlyForDeploymentPostprocessing = 0;
		};
/* End PBXResourcesBuildPhase section */

/* Begin PBXSourcesBuildPhase section */
		E179B2592574A0290049418F /* Sources */ = {
			isa = PBXSourcesBuildPhase;
			buildActionMask = 2147483647;
			files = (
				E1E3A6C9257B1EBC004101D0 /* CustomTextField+Helpers.swift in Sources */,
				E179B2812576DE070049418F /* LoginCollectionViewCell.swift in Sources */,
				E1E3A6CB257DAC1C004101D0 /* MainNavigationContorller.swift in Sources */,
				E179B2652574A0290049418F /* LogginViewController.swift in Sources */,
				E179B2612574A0290049418F /* AppDelegate.swift in Sources */,
				E1E3A6CE257DB347004101D0 /* HomeViewController.swift in Sources */,
				E1E3A6D0257FE2A6004101D0 /* UserDefaults+Helpers.swift in Sources */,
				E179B27F2575AE8A0049418F /* Onboarding.swift in Sources */,
				E179B2632574A0290049418F /* SceneDelegate.swift in Sources */,
				E179B27B257572500049418F /* OnboardingCollectionViewCell.swift in Sources */,
			);
			runOnlyForDeploymentPostprocessing = 0;
		};
/* End PBXSourcesBuildPhase section */

/* Begin PBXVariantGroup section */
		E179B26B2574A02A0049418F /* LaunchScreen.storyboard */ = {
			isa = PBXVariantGroup;
			children = (
				E179B26C2574A02A0049418F /* Base */,
			);
			name = LaunchScreen.storyboard;
			sourceTree = "<group>";
		};
/* End PBXVariantGroup section */

/* Begin XCBuildConfiguration section */
		E179B26F2574A02A0049418F /* Debug */ = {
			isa = XCBuildConfiguration;
			buildSettings = {
				ALWAYS_SEARCH_USER_PATHS = NO;
				CLANG_ANALYZER_NONNULL = YES;
				CLANG_ANALYZER_NUMBER_OBJECT_CONVERSION = YES_AGGRESSIVE;
				CLANG_CXX_LANGUAGE_STANDARD = "gnu++14";
				CLANG_CXX_LIBRARY = "libc++";
				CLANG_ENABLE_MODULES = YES;
				CLANG_ENABLE_OBJC_ARC = YES;
				CLANG_ENABLE_OBJC_WEAK = YES;
				CLANG_WARN_BLOCK_CAPTURE_AUTORELEASING = YES;
				CLANG_WARN_BOOL_CONVERSION = YES;
				CLANG_WARN_COMMA = YES;
				CLANG_WARN_CONSTANT_CONVERSION = YES;
				CLANG_WARN_DEPRECATED_OBJC_IMPLEMENTATIONS = YES;
				CLANG_WARN_DIRECT_OBJC_ISA_USAGE = YES_ERROR;
				CLANG_WARN_DOCUMENTATION_COMMENTS = YES;
				CLANG_WARN_EMPTY_BODY = YES;
				CLANG_WARN_ENUM_CONVERSION = YES;
				CLANG_WARN_INFINITE_RECURSION = YES;
				CLANG_WARN_INT_CONVERSION = YES;
				CLANG_WARN_NON_LITERAL_NULL_CONVERSION = YES;
				CLANG_WARN_OBJC_IMPLICIT_RETAIN_SELF = YES;
				CLANG_WARN_OBJC_LITERAL_CONVERSION = YES;
				CLANG_WARN_OBJC_ROOT_CLASS = YES_ERROR;
				CLANG_WARN_RANGE_LOOP_ANALYSIS = YES;
				CLANG_WARN_STRICT_PROTOTYPES = YES;
				CLANG_WARN_SUSPICIOUS_MOVE = YES;
				CLANG_WARN_UNGUARDED_AVAILABILITY = YES_AGGRESSIVE;
				CLANG_WARN_UNREACHABLE_CODE = YES;
				CLANG_WARN__DUPLICATE_METHOD_MATCH = YES;
				COPY_PHASE_STRIP = NO;
				DEBUG_INFORMATION_FORMAT = dwarf;
				ENABLE_STRICT_OBJC_MSGSEND = YES;
				ENABLE_TESTABILITY = YES;
				GCC_C_LANGUAGE_STANDARD = gnu11;
				GCC_DYNAMIC_NO_PIC = NO;
				GCC_NO_COMMON_BLOCKS = YES;
				GCC_OPTIMIZATION_LEVEL = 0;
				GCC_PREPROCESSOR_DEFINITIONS = (
					"DEBUG=1",
					"$(inherited)",
				);
				GCC_WARN_64_TO_32_BIT_CONVERSION = YES;
				GCC_WARN_ABOUT_RETURN_TYPE = YES_ERROR;
				GCC_WARN_UNDECLARED_SELECTOR = YES;
				GCC_WARN_UNINITIALIZED_AUTOS = YES_AGGRESSIVE;
				GCC_WARN_UNUSED_FUNCTION = YES;
				GCC_WARN_UNUSED_VARIABLE = YES;
				IPHONEOS_DEPLOYMENT_TARGET = 13.7;
				MTL_ENABLE_DEBUG_INFO = INCLUDE_SOURCE;
				MTL_FAST_MATH = YES;
				ONLY_ACTIVE_ARCH = YES;
				SDKROOT = iphoneos;
				SWIFT_ACTIVE_COMPILATION_CONDITIONS = DEBUG;
				SWIFT_OPTIMIZATION_LEVEL = "-Onone";
			};
			name = Debug;
		};
		E179B2702574A02A0049418F /* Release */ = {
			isa = XCBuildConfiguration;
			buildSettings = {
				ALWAYS_SEARCH_USER_PATHS = NO;
				CLANG_ANALYZER_NONNULL = YES;
				CLANG_ANALYZER_NUMBER_OBJECT_CONVERSION = YES_AGGRESSIVE;
				CLANG_CXX_LANGUAGE_STANDARD = "gnu++14";
				CLANG_CXX_LIBRARY = "libc++";
				CLANG_ENABLE_MODULES = YES;
				CLANG_ENABLE_OBJC_ARC = YES;
				CLANG_ENABLE_OBJC_WEAK = YES;
				CLANG_WARN_BLOCK_CAPTURE_AUTORELEASING = YES;
				CLANG_WARN_BOOL_CONVERSION = YES;
				CLANG_WARN_COMMA = YES;
				CLANG_WARN_CONSTANT_CONVERSION = YES;
				CLANG_WARN_DEPRECATED_OBJC_IMPLEMENTATIONS = YES;
				CLANG_WARN_DIRECT_OBJC_ISA_USAGE = YES_ERROR;
				CLANG_WARN_DOCUMENTATION_COMMENTS = YES;
				CLANG_WARN_EMPTY_BODY = YES;
				CLANG_WARN_ENUM_CONVERSION = YES;
				CLANG_WARN_INFINITE_RECURSION = YES;
				CLANG_WARN_INT_CONVERSION = YES;
				CLANG_WARN_NON_LITERAL_NULL_CONVERSION = YES;
				CLANG_WARN_OBJC_IMPLICIT_RETAIN_SELF = YES;
				CLANG_WARN_OBJC_LITERAL_CONVERSION = YES;
				CLANG_WARN_OBJC_ROOT_CLASS = YES_ERROR;
				CLANG_WARN_RANGE_LOOP_ANALYSIS = YES;
				CLANG_WARN_STRICT_PROTOTYPES = YES;
				CLANG_WARN_SUSPICIOUS_MOVE = YES;
				CLANG_WARN_UNGUARDED_AVAILABILITY = YES_AGGRESSIVE;
				CLANG_WARN_UNREACHABLE_CODE = YES;
				CLANG_WARN__DUPLICATE_METHOD_MATCH = YES;
				COPY_PHASE_STRIP = NO;
				DEBUG_INFORMATION_FORMAT = "dwarf-with-dsym";
				ENABLE_NS_ASSERTIONS = NO;
				ENABLE_STRICT_OBJC_MSGSEND = YES;
				GCC_C_LANGUAGE_STANDARD = gnu11;
				GCC_NO_COMMON_BLOCKS = YES;
				GCC_WARN_64_TO_32_BIT_CONVERSION = YES;
				GCC_WARN_ABOUT_RETURN_TYPE = YES_ERROR;
				GCC_WARN_UNDECLARED_SELECTOR = YES;
				GCC_WARN_UNINITIALIZED_AUTOS = YES_AGGRESSIVE;
				GCC_WARN_UNUSED_FUNCTION = YES;
				GCC_WARN_UNUSED_VARIABLE = YES;
				IPHONEOS_DEPLOYMENT_TARGET = 13.7;
				MTL_ENABLE_DEBUG_INFO = NO;
				MTL_FAST_MATH = YES;
				SDKROOT = iphoneos;
				SWIFT_COMPILATION_MODE = wholemodule;
				SWIFT_OPTIMIZATION_LEVEL = "-O";
				VALIDATE_PRODUCT = YES;
			};
			name = Release;
		};
		E179B2722574A02A0049418F /* Debug */ = {
			isa = XCBuildConfiguration;
			buildSettings = {
				ASSETCATALOG_COMPILER_APPICON_NAME = AppIcon;
				CODE_SIGN_STYLE = Automatic;
				DEVELOPMENT_TEAM = B426D3XC5Q;
				INFOPLIST_FILE = "Audible/Supporting Files/Info.plist";
				LD_RUNPATH_SEARCH_PATHS = (
					"$(inherited)",
					"@executable_path/Frameworks",
				);
				PRODUCT_BUNDLE_IDENTIFIER = com.DennisVera.Audible;
				PRODUCT_NAME = "$(TARGET_NAME)";
				SWIFT_VERSION = 5.0;
				TARGETED_DEVICE_FAMILY = "1,2";
			};
			name = Debug;
		};
		E179B2732574A02A0049418F /* Release */ = {
			isa = XCBuildConfiguration;
			buildSettings = {
				ASSETCATALOG_COMPILER_APPICON_NAME = AppIcon;
				CODE_SIGN_STYLE = Automatic;
				DEVELOPMENT_TEAM = B426D3XC5Q;
				INFOPLIST_FILE = "Audible/Supporting Files/Info.plist";
				LD_RUNPATH_SEARCH_PATHS = (
					"$(inherited)",
					"@executable_path/Frameworks",
				);
				PRODUCT_BUNDLE_IDENTIFIER = com.DennisVera.Audible;
				PRODUCT_NAME = "$(TARGET_NAME)";
				SWIFT_VERSION = 5.0;
				TARGETED_DEVICE_FAMILY = "1,2";
			};
			name = Release;
		};
/* End XCBuildConfiguration section */

/* Begin XCConfigurationList section */
		E179B2582574A0290049418F /* Build configuration list for PBXProject "Audible" */ = {
			isa = XCConfigurationList;
			buildConfigurations = (
				E179B26F2574A02A0049418F /* Debug */,
				E179B2702574A02A0049418F /* Release */,
			);
			defaultConfigurationIsVisible = 0;
			defaultConfigurationName = Release;
		};
		E179B2712574A02A0049418F /* Build configuration list for PBXNativeTarget "Audible" */ = {
			isa = XCConfigurationList;
			buildConfigurations = (
				E179B2722574A02A0049418F /* Debug */,
				E179B2732574A02A0049418F /* Release */,
			);
			defaultConfigurationIsVisible = 0;
			defaultConfigurationName = Release;
		};
/* End XCConfigurationList section */
	};
	rootObject = E179B2552574A0290049418F /* Project object */;
}
